# This file is autogenerated, do not edit; changes may be undone by the next 'dep ensure'.


[[projects]]
  name = "github.com/rsc/dt2-a"
  packages = ["A"]
  revision = "6b57f23e7d93b2bb4d41db1ab624b0d2677b17bf"
  version = "v1.0.0"

[[projects]]
  name = "github.com/rsc/dt2-b"
  packages = ["B"]
  revision = "b61b490cc53a330e623fe31f70ef7b6708e519b6"
  version = "v1.0.0"

[solve-meta]
  analyzer-name = "dep"
  analyzer-version = 1
  inputs-digest = "f8bbdfc2e8f27f00ca37acffa41311b73d9870fd0691cd975298c74a678e99be"
  solver-name = "gps-cdcl"
  solver-version = 1
