# This file is autogenerated, do not edit; changes may be undone by the next 'dep ensure'.


[[projects]]
  name = "github.com/rsc/dt2-a"
  packages = ["A"]
  revision = "9d28eefca054e9aa3163eda51dcf681e64818cb7"
  version = "v1.0.1"

[[projects]]
  name = "github.com/rsc/dt2-b"
  packages = ["B"]
  revision = "61d94d6e9646bab711ea23ac6b3a67a442bf23e6"
  version = "v1.1.2"

[solve-meta]
  analyzer-name = "dep"
  analyzer-version = 1
  inputs-digest = "cf24808007b4d4b8beefea2ad4a4ff6993256c9ab0f6c055d58e434620b700c3"
  solver-name = "gps-cdcl"
  solver-version = 1
